
Microsoft Visual Studio Solution File, Format Version 12.00
# Visual Studio Version 17
VisualStudioVersion = 17.9.34723.18
MinimumVisualStudioVersion = 10.0.40219.1
Project("{FAE04EC0-301F-11D3-BF4B-00C04F79EFBC}") = "OnlineShoppingCartSystem", "OnlineShoppingCartSystem.csproj", "{C84D4571-C130-40A1-A1D2-6A1B66C8A899}"
EndProject
Global
	GlobalSection(SolutionConfigurationPlatforms) = preSolution
		Debug|Any CPU = Debug|Any CPU
		Release|Any CPU = Release|Any CPU
	EndGlobalSection
	GlobalSection(ProjectConfigurationPlatforms) = postSolution
		{C84D4571-C130-40A1-A1D2-6A1B66C8A899}.Debug|Any CPU.ActiveCfg = Debug|Any CPU
		{C84D4571-C130-40A1-A1D2-6A1B66C8A899}.Debug|Any CPU.Build.0 = Debug|Any CPU
		{C84D4571-C130-40A1-A1D2-6A1B66C8A899}.Release|Any CPU.ActiveCfg = Release|Any CPU
		{C84D4571-C130-40A1-A1D2-6A1B66C8A899}.Release|Any CPU.Build.0 = Release|Any CPU
	EndGlobalSection
	GlobalSection(SolutionProperties) = preSolution
		HideSolutionNode = FALSE
	EndGlobalSection
	GlobalSection(ExtensibilityGlobals) = postSolution
		SolutionGuid = {68593AC8-E100-4C6A-BD67-CFF96696C18A}
	EndGlobalSection
EndGlobal
