
Microsoft Visual Studio Solution File, Format Version 12.00
# Visual Studio Version 17
VisualStudioVersion = 17.9.34723.18
MinimumVisualStudioVersion = 10.0.40219.1
Project("{FAE04EC0-301F-11D3-BF4B-00C04F79EFBC}") = "RakesModules", "RakesModules.csproj", "{764B72B9-96F9-43B3-B94B-6297BD2B5A62}"
EndProject
Global
	GlobalSection(SolutionConfigurationPlatforms) = preSolution
		Debug|Any CPU = Debug|Any CPU
		Release|Any CPU = Release|Any CPU
	EndGlobalSection
	GlobalSection(ProjectConfigurationPlatforms) = postSolution
		{764B72B9-96F9-43B3-B94B-6297BD2B5A62}.Debug|Any CPU.ActiveCfg = Debug|Any CPU
		{764B72B9-96F9-43B3-B94B-6297BD2B5A62}.Debug|Any CPU.Build.0 = Debug|Any CPU
		{764B72B9-96F9-43B3-B94B-6297BD2B5A62}.Release|Any CPU.ActiveCfg = Release|Any CPU
		{764B72B9-96F9-43B3-B94B-6297BD2B5A62}.Release|Any CPU.Build.0 = Release|Any CPU
	EndGlobalSection
	GlobalSection(SolutionProperties) = preSolution
		HideSolutionNode = FALSE
	EndGlobalSection
	GlobalSection(ExtensibilityGlobals) = postSolution
		SolutionGuid = {1C06A50A-B08D-476A-A0CE-E509F7D49480}
	EndGlobalSection
EndGlobal
